PODS:
  - GoogleWebRTC (1.1.31999)
  - Starscream (4.0.4)

DEPENDENCIES:
  - GoogleWebRTC
  - Starscream

SPEC REPOS:
  trunk:
    - GoogleWebRTC
    - Starscream

SPEC CHECKSUMS:
  GoogleWebRTC: b39a78c4f5cc6b0323415b9233db03a2faa7b0f0
  Starscream: 5178aed56b316f13fa3bc55694e583d35dd414d9

PODFILE CHECKSUM: b2299c2e487e627a7ac4633a0ed9962860aa730d

COCOAPODS: 1.11.2
